
Microsoft Visual Studio Solution File, Format Version 12.00
# Visual Studio Version 17
VisualStudioVersion = 17.3.32929.385
MinimumVisualStudioVersion = 10.0.40219.1
Project("{FAE04EC0-301F-11D3-BF4B-00C04F79EFBC}") = "Task1", "Task1\Task1.csproj", "{5778A6D4-FD19-40D2-A78C-567ABAB18F7B}"
EndProject
Project("{FAE04EC0-301F-11D3-BF4B-00C04F79EFBC}") = "Task2", "Task2\Task2.csproj", "{55B2D656-47D6-4F2C-A297-21DD92419303}"
EndProject
Global
	GlobalSection(SolutionConfigurationPlatforms) = preSolution
		Debug|Any CPU = Debug|Any CPU
		Release|Any CPU = Release|Any CPU
	EndGlobalSection
	GlobalSection(ProjectConfigurationPlatforms) = postSolution
		{5778A6D4-FD19-40D2-A78C-567ABAB18F7B}.Debug|Any CPU.ActiveCfg = Debug|Any CPU
		{5778A6D4-FD19-40D2-A78C-567ABAB18F7B}.Debug|Any CPU.Build.0 = Debug|Any CPU
		{5778A6D4-FD19-40D2-A78C-567ABAB18F7B}.Release|Any CPU.ActiveCfg = Release|Any CPU
		{5778A6D4-FD19-40D2-A78C-567ABAB18F7B}.Release|Any CPU.Build.0 = Release|Any CPU
		{55B2D656-47D6-4F2C-A297-21DD92419303}.Debug|Any CPU.ActiveCfg = Debug|Any CPU
		{55B2D656-47D6-4F2C-A297-21DD92419303}.Debug|Any CPU.Build.0 = Debug|Any CPU
		{55B2D656-47D6-4F2C-A297-21DD92419303}.Release|Any CPU.ActiveCfg = Release|Any CPU
		{55B2D656-47D6-4F2C-A297-21DD92419303}.Release|Any CPU.Build.0 = Release|Any CPU
	EndGlobalSection
	GlobalSection(SolutionProperties) = preSolution
		HideSolutionNode = FALSE
	EndGlobalSection
	GlobalSection(ExtensibilityGlobals) = postSolution
		SolutionGuid = {5899C1D5-129B-40A6-A96D-158F5434DB97}
	EndGlobalSection
EndGlobal
